
Microsoft Visual Studio Solution File, Format Version 12.00
# Visual Studio Version 17
VisualStudioVersion = 17.0.32112.339
MinimumVisualStudioVersion = 10.0.40219.1
Project("{FAE04EC0-301F-11D3-BF4B-00C04F79EFBC}") = "Social.WebApp", "Social.WebApp\Social.WebApp.csproj", "{94FAA3DE-1FED-4791-A592-0258286165A0}"
EndProject
Project("{FAE04EC0-301F-11D3-BF4B-00C04F79EFBC}") = "Social.Api", "Social.Api\Social.Api.csproj", "{99806DA2-EAE5-45AF-8591-AD6C7A6F5B2E}"
EndProject
Project("{FAE04EC0-301F-11D3-BF4B-00C04F79EFBC}") = "Social.Common", "Social.Common\Social.Common.csproj", "{26DEAE16-553A-4DCC-BFAF-7FB0D228CA44}"
EndProject
Global
	GlobalSection(SolutionConfigurationPlatforms) = preSolution
		Debug|Any CPU = Debug|Any CPU
		Release|Any CPU = Release|Any CPU
	EndGlobalSection
	GlobalSection(ProjectConfigurationPlatforms) = postSolution
		{94FAA3DE-1FED-4791-A592-0258286165A0}.Debug|Any CPU.ActiveCfg = Debug|Any CPU
		{94FAA3DE-1FED-4791-A592-0258286165A0}.Debug|Any CPU.Build.0 = Debug|Any CPU
		{94FAA3DE-1FED-4791-A592-0258286165A0}.Release|Any CPU.ActiveCfg = Release|Any CPU
		{94FAA3DE-1FED-4791-A592-0258286165A0}.Release|Any CPU.Build.0 = Release|Any CPU
		{99806DA2-EAE5-45AF-8591-AD6C7A6F5B2E}.Debug|Any CPU.ActiveCfg = Debug|Any CPU
		{99806DA2-EAE5-45AF-8591-AD6C7A6F5B2E}.Debug|Any CPU.Build.0 = Debug|Any CPU
		{99806DA2-EAE5-45AF-8591-AD6C7A6F5B2E}.Release|Any CPU.ActiveCfg = Release|Any CPU
		{99806DA2-EAE5-45AF-8591-AD6C7A6F5B2E}.Release|Any CPU.Build.0 = Release|Any CPU
		{26DEAE16-553A-4DCC-BFAF-7FB0D228CA44}.Debug|Any CPU.ActiveCfg = Debug|Any CPU
		{26DEAE16-553A-4DCC-BFAF-7FB0D228CA44}.Debug|Any CPU.Build.0 = Debug|Any CPU
		{26DEAE16-553A-4DCC-BFAF-7FB0D228CA44}.Release|Any CPU.ActiveCfg = Release|Any CPU
		{26DEAE16-553A-4DCC-BFAF-7FB0D228CA44}.Release|Any CPU.Build.0 = Release|Any CPU
	EndGlobalSection
	GlobalSection(SolutionProperties) = preSolution
		HideSolutionNode = FALSE
	EndGlobalSection
	GlobalSection(ExtensibilityGlobals) = postSolution
		SolutionGuid = {DC142685-98AA-41BD-8653-A93392C12345}
	EndGlobalSection
EndGlobal
